
Microsoft Visual Studio Solution File, Format Version 12.00
# Visual Studio Version 16
VisualStudioVersion = 16.0.31105.61
MinimumVisualStudioVersion = 10.0.40219.1
Project("{FAE04EC0-301F-11D3-BF4B-00C04F79EFBC}") = "Lab4.2", "Lab4.2\Lab4.2.csproj", "{AC8C2EF0-D50A-4883-93F5-D340A846BF09}"
EndProject
Global
	GlobalSection(SolutionConfigurationPlatforms) = preSolution
		Debug|Any CPU = Debug|Any CPU
		Release|Any CPU = Release|Any CPU
	EndGlobalSection
	GlobalSection(ProjectConfigurationPlatforms) = postSolution
		{AC8C2EF0-D50A-4883-93F5-D340A846BF09}.Debug|Any CPU.ActiveCfg = Debug|Any CPU
		{AC8C2EF0-D50A-4883-93F5-D340A846BF09}.Debug|Any CPU.Build.0 = Debug|Any CPU
		{AC8C2EF0-D50A-4883-93F5-D340A846BF09}.Release|Any CPU.ActiveCfg = Release|Any CPU
		{AC8C2EF0-D50A-4883-93F5-D340A846BF09}.Release|Any CPU.Build.0 = Release|Any CPU
	EndGlobalSection
	GlobalSection(SolutionProperties) = preSolution
		HideSolutionNode = FALSE
	EndGlobalSection
	GlobalSection(ExtensibilityGlobals) = postSolution
		SolutionGuid = {EA37814F-013D-46F0-925C-B57C10E9F8D7}
	EndGlobalSection
EndGlobal
